// !$*UTF8*$!
{
	archiveVersion = 1;
	classes = {
	};
	objectVersion = 46;
	objects = {

/* Begin PBXBuildFile section */
		12C6FF771ECD067800DA9E37 /* AppDelegate.swift in Sources */ = {isa = PBXBuildFile; fileRef = 12C6FF761ECD067800DA9E37 /* AppDelegate.swift */; };
		12C6FF791ECD067800DA9E37 /* ViewController.swift in Sources */ = {isa = PBXBuildFile; fileRef = 12C6FF781ECD067800DA9E37 /* ViewController.swift */; };
		12C6FF7C1ECD067800DA9E37 /* Main.storyboard in Resources */ = {isa = PBXBuildFile; fileRef = 12C6FF7A1ECD067800DA9E37 /* Main.storyboard */; };
		12C6FF7E1ECD067800DA9E37 /* Assets.xcassets in Resources */ = {isa = PBXBuildFile; fileRef = 12C6FF7D1ECD067800DA9E37 /* Assets.xcassets */; };
		12C6FF811ECD067800DA9E37 /* LaunchScreen.storyboard in Resources */ = {isa = PBXBuildFile; fileRef = 12C6FF7F1ECD067800DA9E37 /* LaunchScreen.storyboard */; };
		12C6FF8C1ECD067800DA9E37 /* DecisionMakerTests.swift in Sources */ = {isa = PBXBuildFile; fileRef = 12C6FF8B1ECD067800DA9E37 /* DecisionMakerTests.swift */; };
		12C6FF971ECD067800DA9E37 /* DecisionMakerUITests.swift in Sources */ = {isa = PBXBuildFile; fileRef = 12C6FF961ECD067800DA9E37 /* DecisionMakerUITests.swift */; };
/* End PBXBuildFile section */

/* Begin PBXContainerItemProxy section */
		12C6FF881ECD067800DA9E37 /* PBXContainerItemProxy */ = {
			isa = PBXContainerItemProxy;
			containerPortal = 12C6FF6B1ECD067800DA9E37 /* Project object */;
			proxyType = 1;
			remoteGlobalIDString = 12C6FF721ECD067800DA9E37;
			remoteInfo = DecisionMaker;
		};
		12C6FF931ECD067800DA9E37 /* PBXContainerItemProxy */ = {
			isa = PBXContainerItemProxy;
			containerPortal = 12C6FF6B1ECD067800DA9E37 /* Project object */;
			proxyType = 1;
			remoteGlobalIDString = 12C6FF721ECD067800DA9E37;
			remoteInfo = DecisionMaker;
		};
/* End PBXContainerItemProxy section */

/* Begin PBXFileReference section */
		12C6FF731ECD067800DA9E37 /* DecisionMaker.app */ = {isa = PBXFileReference; explicitFileType = wrapper.application; includeInIndex = 0; path = DecisionMaker.app; sourceTree = BUILT_PRODUCTS_DIR; };
		12C6FF761ECD067800DA9E37 /* AppDelegate.swift */ = {isa = PBXFileReference; lastKnownFileType = sourcecode.swift; path = AppDelegate.swift; sourceTree = "<group>"; };
		12C6FF781ECD067800DA9E37 /* ViewController.swift */ = {isa = PBXFileReference; lastKnownFileType = sourcecode.swift; path = ViewController.swift; sourceTree = "<group>"; };
		12C6FF7B1ECD067800DA9E37 /* Base */ = {isa = PBXFileReference; lastKnownFileType = file.storyboard; name = Base; path = Base.lproj/Main.storyboard; sourceTree = "<group>"; };
		12C6FF7D1ECD067800DA9E37 /* Assets.xcassets */ = {isa = PBXFileReference; lastKnownFileType = folder.assetcatalog; path = Assets.xcassets; sourceTree = "<group>"; };
		12C6FF801ECD067800DA9E37 /* Base */ = {isa = PBXFileReference; lastKnownFileType = file.storyboard; name = Base; path = Base.lproj/LaunchScreen.storyboard; sourceTree = "<group>"; };
		12C6FF821ECD067800DA9E37 /* Info.plist */ = {isa = PBXFileReference; lastKnownFileType = text.plist.xml; path = Info.plist; sourceTree = "<group>"; };
		12C6FF871ECD067800DA9E37 /* DecisionMakerTests.xctest */ = {isa = PBXFileReference; explicitFileType = wrapper.cfbundle; includeInIndex = 0; path = DecisionMakerTests.xctest; sourceTree = BUILT_PRODUCTS_DIR; };
		12C6FF8B1ECD067800DA9E37 /* DecisionMakerTests.swift */ = {isa = PBXFileReference; lastKnownFileType = sourcecode.swift; path = DecisionMakerTests.swift; sourceTree = "<group>"; };
		12C6FF8D1ECD067800DA9E37 /* Info.plist */ = {isa = PBXFileReference; lastKnownFileType = text.plist.xml; path = Info.plist; sourceTree = "<group>"; };
		12C6FF921ECD067800DA9E37 /* DecisionMakerUITests.xctest */ = {isa = PBXFileReference; explicitFileType = wrapper.cfbundle; includeInIndex = 0; path = DecisionMakerUITests.xctest; sourceTree = BUILT_PRODUCTS_DIR; };
		12C6FF961ECD067800DA9E37 /* DecisionMakerUITests.swift */ = {isa = PBXFileReference; lastKnownFileType = sourcecode.swift; path = DecisionMakerUITests.swift; sourceTree = "<group>"; };
		12C6FF981ECD067800DA9E37 /* Info.plist */ = {isa = PBXFileReference; lastKnownFileType = text.plist.xml; path = Info.plist; sourceTree = "<group>"; };
/* End PBXFileReference section */

/* Begin PBXFrameworksBuildPhase section */
		12C6FF701ECD067800DA9E37 /* Frameworks */ = {
			isa = PBXFrameworksBuildPhase;
			buildActionMask = 2147483647;
			files = (
			);
			runOnlyForDeploymentPostprocessing = 0;
		};
		12C6FF841ECD067800DA9E37 /* Frameworks */ = {
			isa = PBXFrameworksBuildPhase;
			buildActionMask = 2147483647;
			files = (
			);
			runOnlyForDeploymentPostprocessing = 0;
		};
		12C6FF8F1ECD067800DA9E37 /* Frameworks */ = {
			isa = PBXFrameworksBuildPhase;
			buildActionMask = 2147483647;
			files = (
			);
			runOnlyForDeploymentPostprocessing = 0;
		};
/* End PBXFrameworksBuildPhase section */

/* Begin PBXGroup section */
		12C6FF6A1ECD067800DA9E37 = {
			isa = PBXGroup;
			children = (
				12C6FF751ECD067800DA9E37 /* DecisionMaker */,
				12C6FF8A1ECD067800DA9E37 /* DecisionMakerTests */,
				12C6FF951ECD067800DA9E37 /* DecisionMakerUITests */,
				12C6FF741ECD067800DA9E37 /* Products */,
			);
			sourceTree = "<group>";
		};
		12C6FF741ECD067800DA9E37 /* Products */ = {
			isa = PBXGroup;
			children = (
				12C6FF731ECD067800DA9E37 /* DecisionMaker.app */,
				12C6FF871ECD067800DA9E37 /* DecisionMakerTests.xctest */,
				12C6FF921ECD067800DA9E37 /* DecisionMakerUITests.xctest */,
			);
			name = Products;
			sourceTree = "<group>";
		};
		12C6FF751ECD067800DA9E37 /* DecisionMaker */ = {
			isa = PBXGroup;
			children = (
				12C6FF761ECD067800DA9E37 /* AppDelegate.swift */,
				12C6FF781ECD067800DA9E37 /* ViewController.swift */,
				12C6FF7A1ECD067800DA9E37 /* Main.storyboard */,
				12C6FF7D1ECD067800DA9E37 /* Assets.xcassets */,
				12C6FF7F1ECD067800DA9E37 /* LaunchScreen.storyboard */,
				12C6FF821ECD067800DA9E37 /* Info.plist */,
			);
			path = DecisionMaker;
			sourceTree = "<group>";
		};
		12C6FF8A1ECD067800DA9E37 /* DecisionMakerTests */ = {
			isa = PBXGroup;
			children = (
				12C6FF8B1ECD067800DA9E37 /* DecisionMakerTests.swift */,
				12C6FF8D1ECD067800DA9E37 /* Info.plist */,
			);
			path = DecisionMakerTests;
			sourceTree = "<group>";
		};
		12C6FF951ECD067800DA9E37 /* DecisionMakerUITests */ = {
			isa = PBXGroup;
			children = (
				12C6FF961ECD067800DA9E37 /* DecisionMakerUITests.swift */,
				12C6FF981ECD067800DA9E37 /* Info.plist */,
			);
			path = DecisionMakerUITests;
			sourceTree = "<group>";
		};
/* End PBXGroup section */

/* Begin PBXNativeTarget section */
		12C6FF721ECD067800DA9E37 /* DecisionMaker */ = {
			isa = PBXNativeTarget;
			buildConfigurationList = 12C6FF9B1ECD067800DA9E37 /* Build configuration list for PBXNativeTarget "DecisionMaker" */;
			buildPhases = (
				12C6FF6F1ECD067800DA9E37 /* Sources */,
				12C6FF701ECD067800DA9E37 /* Frameworks */,
				12C6FF711ECD067800DA9E37 /* Resources */,
			);
			buildRules = (
			);
			dependencies = (
			);
			name = DecisionMaker;
			productName = DecisionMaker;
			productReference = 12C6FF731ECD067800DA9E37 /* DecisionMaker.app */;
			productType = "com.apple.product-type.application";
		};
		12C6FF861ECD067800DA9E37 /* DecisionMakerTests */ = {
			isa = PBXNativeTarget;
			buildConfigurationList = 12C6FF9E1ECD067800DA9E37 /* Build configuration list for PBXNativeTarget "DecisionMakerTests" */;
			buildPhases = (
				12C6FF831ECD067800DA9E37 /* Sources */,
				12C6FF841ECD067800DA9E37 /* Frameworks */,
				12C6FF851ECD067800DA9E37 /* Resources */,
			);
			buildRules = (
			);
			dependencies = (
				12C6FF891ECD067800DA9E37 /* PBXTargetDependency */,
			);
			name = DecisionMakerTests;
			productName = DecisionMakerTests;
			productReference = 12C6FF871ECD067800DA9E37 /* DecisionMakerTests.xctest */;
			productType = "com.apple.product-type.bundle.unit-test";
		};
		12C6FF911ECD067800DA9E37 /* DecisionMakerUITests */ = {
			isa = PBXNativeTarget;
			buildConfigurationList = 12C6FFA11ECD067800DA9E37 /* Build configuration list for PBXNativeTarget "DecisionMakerUITests" */;
			buildPhases = (
				12C6FF8E1ECD067800DA9E37 /* Sources */,
				12C6FF8F1ECD067800DA9E37 /* Frameworks */,
				12C6FF901ECD067800DA9E37 /* Resources */,
			);
			buildRules = (
			);
			dependencies = (
				12C6FF941ECD067800DA9E37 /* PBXTargetDependency */,
			);
			name = DecisionMakerUITests;
			productName = DecisionMakerUITests;
			productReference = 12C6FF921ECD067800DA9E37 /* DecisionMakerUITests.xctest */;
			productType = "com.apple.product-type.bundle.ui-testing";
		};
/* End PBXNativeTarget section */

/* Begin PBXProject section */
		12C6FF6B1ECD067800DA9E37 /* Project object */ = {
			isa = PBXProject;
			attributes = {
				LastSwiftUpdateCheck = 0830;
				LastUpgradeCheck = 0830;
				ORGANIZATIONNAME = XiaoyuHuang;
				TargetAttributes = {
					12C6FF721ECD067800DA9E37 = {
						CreatedOnToolsVersion = 8.3.2;
						ProvisioningStyle = Automatic;
					};
					12C6FF861ECD067800DA9E37 = {
						CreatedOnToolsVersion = 8.3.2;
						ProvisioningStyle = Automatic;
						TestTargetID = 12C6FF721ECD067800DA9E37;
					};
					12C6FF911ECD067800DA9E37 = {
						CreatedOnToolsVersion = 8.3.2;
						ProvisioningStyle = Automatic;
						TestTargetID = 12C6FF721ECD067800DA9E37;
					};
				};
			};
			buildConfigurationList = 12C6FF6E1ECD067800DA9E37 /* Build configuration list for PBXProject "DecisionMaker" */;
			compatibilityVersion = "Xcode 3.2";
			developmentRegion = English;
			hasScannedForEncodings = 0;
			knownRegions = (
				en,
				Base,
			);
			mainGroup = 12C6FF6A1ECD067800DA9E37;
			productRefGroup = 12C6FF741ECD067800DA9E37 /* Products */;
			projectDirPath = "";
			projectRoot = "";
			targets = (
				12C6FF721ECD067800DA9E37 /* DecisionMaker */,
				12C6FF861ECD067800DA9E37 /* DecisionMakerTests */,
				12C6FF911ECD067800DA9E37 /* DecisionMakerUITests */,
			);
		};
/* End PBXProject section */

/* Begin PBXResourcesBuildPhase section */
		12C6FF711ECD067800DA9E37 /* Resources */ = {
			isa = PBXResourcesBuildPhase;
			buildActionMask = 2147483647;
			files = (
				12C6FF811ECD067800DA9E37 /* LaunchScreen.storyboard in Resources */,
				12C6FF7E1ECD067800DA9E37 /* Assets.xcassets in Resources */,
				12C6FF7C1ECD067800DA9E37 /* Main.storyboard in Resources */,
			);
			runOnlyForDeploymentPostprocessing = 0;
		};
		12C6FF851ECD067800DA9E37 /* Resources */ = {
			isa = PBXResourcesBuildPhase;
			buildActionMask = 2147483647;
			files = (
			);
			runOnlyForDeploymentPostprocessing = 0;
		};
		12C6FF901ECD067800DA9E37 /* Resources */ = {
			isa = PBXResourcesBuildPhase;
			buildActionMask = 2147483647;
			files = (
			);
			runOnlyForDeploymentPostprocessing = 0;
		};
/* End PBXResourcesBuildPhase section */

/* Begin PBXSourcesBuildPhase section */
		12C6FF6F1ECD067800DA9E37 /* Sources */ = {
			isa = PBXSourcesBuildPhase;
			buildActionMask = 2147483647;
			files = (
				12C6FF791ECD067800DA9E37 /* ViewController.swift in Sources */,
				12C6FF771ECD067800DA9E37 /* AppDelegate.swift in Sources */,
			);
			runOnlyForDeploymentPostprocessing = 0;
		};
		12C6FF831ECD067800DA9E37 /* Sources */ = {
			isa = PBXSourcesBuildPhase;
			buildActionMask = 2147483647;
			files = (
				12C6FF8C1ECD067800DA9E37 /* DecisionMakerTests.swift in Sources */,
			);
			runOnlyForDeploymentPostprocessing = 0;
		};
		12C6FF8E1ECD067800DA9E37 /* Sources */ = {
			isa = PBXSourcesBuildPhase;
			buildActionMask = 2147483647;
			files = (
				12C6FF971ECD067800DA9E37 /* DecisionMakerUITests.swift in Sources */,
			);
			runOnlyForDeploymentPostprocessing = 0;
		};
/* End PBXSourcesBuildPhase section */

/* Begin PBXTargetDependency section */
		12C6FF891ECD067800DA9E37 /* PBXTargetDependency */ = {
			isa = PBXTargetDependency;
			target = 12C6FF721ECD067800DA9E37 /* DecisionMaker */;
			targetProxy = 12C6FF881ECD067800DA9E37 /* PBXContainerItemProxy */;
		};
		12C6FF941ECD067800DA9E37 /* PBXTargetDependency */ = {
			isa = PBXTargetDependency;
			target = 12C6FF721ECD067800DA9E37 /* DecisionMaker */;
			targetProxy = 12C6FF931ECD067800DA9E37 /* PBXContainerItemProxy */;
		};
/* End PBXTargetDependency section */

/* Begin PBXVariantGroup section */
		12C6FF7A1ECD067800DA9E37 /* Main.storyboard */ = {
			isa = PBXVariantGroup;
			children = (
				12C6FF7B1ECD067800DA9E37 /* Base */,
			);
			name = Main.storyboard;
			sourceTree = "<group>";
		};
		12C6FF7F1ECD067800DA9E37 /* LaunchScreen.storyboard */ = {
			isa = PBXVariantGroup;
			children = (
				12C6FF801ECD067800DA9E37 /* Base */,
			);
			name = LaunchScreen.storyboard;
			sourceTree = "<group>";
		};
/* End PBXVariantGroup section */

/* Begin XCBuildConfiguration section */
		12C6FF991ECD067800DA9E37 /* Debug */ = {
			isa = XCBuildConfiguration;
			buildSettings = {
				ALWAYS_SEARCH_USER_PATHS = NO;
				CLANG_ANALYZER_NONNULL = YES;
				CLANG_ANALYZER_NUMBER_OBJECT_CONVERSION = YES_AGGRESSIVE;
				CLANG_CXX_LANGUAGE_STANDARD = "gnu++0x";
				CLANG_CXX_LIBRARY = "libc++";
				CLANG_ENABLE_MODULES = YES;
				CLANG_ENABLE_OBJC_ARC = YES;
				CLANG_WARN_BOOL_CONVERSION = YES;
				CLANG_WARN_CONSTANT_CONVERSION = YES;
				CLANG_WARN_DIRECT_OBJC_ISA_USAGE = YES_ERROR;
				CLANG_WARN_DOCUMENTATION_COMMENTS = YES;
				CLANG_WARN_EMPTY_BODY = YES;
				CLANG_WARN_ENUM_CONVERSION = YES;
				CLANG_WARN_INFINITE_RECURSION = YES;
				CLANG_WARN_INT_CONVERSION = YES;
				CLANG_WARN_OBJC_ROOT_CLASS = YES_ERROR;
				CLANG_WARN_SUSPICIOUS_MOVE = YES;
				CLANG_WARN_UNREACHABLE_CODE = YES;
				CLANG_WARN__DUPLICATE_METHOD_MATCH = YES;
				"CODE_SIGN_IDENTITY[sdk=iphoneos*]" = "iPhone Developer";
				COPY_PHASE_STRIP = NO;
				DEBUG_INFORMATION_FORMAT = dwarf;
				ENABLE_STRICT_OBJC_MSGSEND = YES;
				ENABLE_TESTABILITY = YES;
				GCC_C_LANGUAGE_STANDARD = gnu99;
				GCC_DYNAMIC_NO_PIC = NO;
				GCC_NO_COMMON_BLOCKS = YES;
				GCC_OPTIMIZATION_LEVEL = 0;
				GCC_PREPROCESSOR_DEFINITIONS = (
					"DEBUG=1",
					"$(inherited)",
				);
				GCC_WARN_64_TO_32_BIT_CONVERSION = YES;
				GCC_WARN_ABOUT_RETURN_TYPE = YES_ERROR;
				GCC_WARN_UNDECLARED_SELECTOR = YES;
				GCC_WARN_UNINITIALIZED_AUTOS = YES_AGGRESSIVE;
				GCC_WARN_UNUSED_FUNCTION = YES;
				GCC_WARN_UNUSED_VARIABLE = YES;
				IPHONEOS_DEPLOYMENT_TARGET = 10.3;
				MTL_ENABLE_DEBUG_INFO = YES;
				ONLY_ACTIVE_ARCH = YES;
				SDKROOT = iphoneos;
				SWIFT_ACTIVE_COMPILATION_CONDITIONS = DEBUG;
				SWIFT_OPTIMIZATION_LEVEL = "-Onone";
				TARGETED_DEVICE_FAMILY = "1,2";
			};
			name = Debug;
		};
		12C6FF9A1ECD067800DA9E37 /* Release */ = {
			isa = XCBuildConfiguration;
			buildSettings = {
				ALWAYS_SEARCH_USER_PATHS = NO;
				CLANG_ANALYZER_NONNULL = YES;
				CLANG_ANALYZER_NUMBER_OBJECT_CONVERSION = YES_AGGRESSIVE;
				CLANG_CXX_LANGUAGE_STANDARD = "gnu++0x";
				CLANG_CXX_LIBRARY = "libc++";
				CLANG_ENABLE_MODULES = YES;
				CLANG_ENABLE_OBJC_ARC = YES;
				CLANG_WARN_BOOL_CONVERSION = YES;
				CLANG_WARN_CONSTANT_CONVERSION = YES;
				CLANG_WARN_DIRECT_OBJC_ISA_USAGE = YES_ERROR;
				CLANG_WARN_DOCUMENTATION_COMMENTS = YES;
				CLANG_WARN_EMPTY_BODY = YES;
				CLANG_WARN_ENUM_CONVERSION = YES;
				CLANG_WARN_INFINITE_RECURSION = YES;
				CLANG_WARN_INT_CONVERSION = YES;
				CLANG_WARN_OBJC_ROOT_CLASS = YES_ERROR;
				CLANG_WARN_SUSPICIOUS_MOVE = YES;
				CLANG_WARN_UNREACHABLE_CODE = YES;
				CLANG_WARN__DUPLICATE_METHOD_MATCH = YES;
				"CODE_SIGN_IDENTITY[sdk=iphoneos*]" = "iPhone Developer";
				COPY_PHASE_STRIP = NO;
				DEBUG_INFORMATION_FORMAT = "dwarf-with-dsym";
				ENABLE_NS_ASSERTIONS = NO;
				ENABLE_STRICT_OBJC_MSGSEND = YES;
				GCC_C_LANGUAGE_STANDARD = gnu99;
				GCC_NO_COMMON_BLOCKS = YES;
				GCC_WARN_64_TO_32_BIT_CONVERSION = YES;
				GCC_WARN_ABOUT_RETURN_TYPE = YES_ERROR;
				GCC_WARN_UNDECLARED_SELECTOR = YES;
				GCC_WARN_UNINITIALIZED_AUTOS = YES_AGGRESSIVE;
				GCC_WARN_UNUSED_FUNCTION = YES;
				GCC_WARN_UNUSED_VARIABLE = YES;
				IPHONEOS_DEPLOYMENT_TARGET = 10.3;
				MTL_ENABLE_DEBUG_INFO = NO;
				SDKROOT = iphoneos;
				SWIFT_OPTIMIZATION_LEVEL = "-Owholemodule";
				TARGETED_DEVICE_FAMILY = "1,2";
				VALIDATE_PRODUCT = YES;
			};
			name = Release;
		};
		12C6FF9C1ECD067800DA9E37 /* Debug */ = {
			isa = XCBuildConfiguration;
			buildSettings = {
				ASSETCATALOG_COMPILER_APPICON_NAME = AppIcon;
				INFOPLIST_FILE = DecisionMaker/Info.plist;
				LD_RUNPATH_SEARCH_PATHS = "$(inherited) @executable_path/Frameworks";
				PRODUCT_BUNDLE_IDENTIFIER = edu.scu.DecisionMaker;
				PRODUCT_NAME = "$(TARGET_NAME)";
				SWIFT_VERSION = 3.0;
			};
			name = Debug;
		};
		12C6FF9D1ECD067800DA9E37 /* Release */ = {
			isa = XCBuildConfiguration;
			buildSettings = {
				ASSETCATALOG_COMPILER_APPICON_NAME = AppIcon;
				INFOPLIST_FILE = DecisionMaker/Info.plist;
				LD_RUNPATH_SEARCH_PATHS = "$(inherited) @executable_path/Frameworks";
				PRODUCT_BUNDLE_IDENTIFIER = edu.scu.DecisionMaker;
				PRODUCT_NAME = "$(TARGET_NAME)";
				SWIFT_VERSION = 3.0;
			};
			name = Release;
		};
		12C6FF9F1ECD067800DA9E37 /* Debug */ = {
			isa = XCBuildConfiguration;
			buildSettings = {
				ALWAYS_EMBED_SWIFT_STANDARD_LIBRARIES = YES;
				BUNDLE_LOADER = "$(TEST_HOST)";
				INFOPLIST_FILE = DecisionMakerTests/Info.plist;
				LD_RUNPATH_SEARCH_PATHS = "$(inherited) @executable_path/Frameworks @loader_path/Frameworks";
				PRODUCT_BUNDLE_IDENTIFIER = edu.scu.DecisionMakerTests;
				PRODUCT_NAME = "$(TARGET_NAME)";
				SWIFT_VERSION = 3.0;
				TEST_HOST = "$(BUILT_PRODUCTS_DIR)/DecisionMaker.app/DecisionMaker";
			};
			name = Debug;
		};
		12C6FFA01ECD067800DA9E37 /* Release */ = {
			isa = XCBuildConfiguration;
			buildSettings = {
				ALWAYS_EMBED_SWIFT_STANDARD_LIBRARIES = YES;
				BUNDLE_LOADER = "$(TEST_HOST)";
				INFOPLIST_FILE = DecisionMakerTests/Info.plist;
				LD_RUNPATH_SEARCH_PATHS = "$(inherited) @executable_path/Frameworks @loader_path/Frameworks";
				PRODUCT_BUNDLE_IDENTIFIER = edu.scu.DecisionMakerTests;
				PRODUCT_NAME = "$(TARGET_NAME)";
				SWIFT_VERSION = 3.0;
				TEST_HOST = "$(BUILT_PRODUCTS_DIR)/DecisionMaker.app/DecisionMaker";
			};
			name = Release;
		};
		12C6FFA21ECD067800DA9E37 /* Debug */ = {
			isa = XCBuildConfiguration;
			buildSettings = {
				ALWAYS_EMBED_SWIFT_STANDARD_LIBRARIES = YES;
				INFOPLIST_FILE = DecisionMakerUITests/Info.plist;
				LD_RUNPATH_SEARCH_PATHS = "$(inherited) @executable_path/Frameworks @loader_path/Frameworks";
				PRODUCT_BUNDLE_IDENTIFIER = edu.scu.DecisionMakerUITests;
				PRODUCT_NAME = "$(TARGET_NAME)";
				SWIFT_VERSION = 3.0;
				TEST_TARGET_NAME = DecisionMaker;
			};
			name = Debug;
		};
		12C6FFA31ECD067800DA9E37 /* Release */ = {
			isa = XCBuildConfiguration;
			buildSettings = {
				ALWAYS_EMBED_SWIFT_STANDARD_LIBRARIES = YES;
				INFOPLIST_FILE = DecisionMakerUITests/Info.plist;
				LD_RUNPATH_SEARCH_PATHS = "$(inherited) @executable_path/Frameworks @loader_path/Frameworks";
				PRODUCT_BUNDLE_IDENTIFIER = edu.scu.DecisionMakerUITests;
				PRODUCT_NAME = "$(TARGET_NAME)";
				SWIFT_VERSION = 3.0;
				TEST_TARGET_NAME = DecisionMaker;
			};
			name = Release;
		};
/* End XCBuildConfiguration section */

/* Begin XCConfigurationList section */
		12C6FF6E1ECD067800DA9E37 /* Build configuration list for PBXProject "DecisionMaker" */ = {
			isa = XCConfigurationList;
			buildConfigurations = (
				12C6FF991ECD067800DA9E37 /* Debug */,
				12C6FF9A1ECD067800DA9E37 /* Release */,
			);
			defaultConfigurationIsVisible = 0;
			defaultConfigurationName = Release;
		};
		12C6FF9B1ECD067800DA9E37 /* Build configuration list for PBXNativeTarget "DecisionMaker" */ = {
			isa = XCConfigurationList;
			buildConfigurations = (
				12C6FF9C1ECD067800DA9E37 /* Debug */,
				12C6FF9D1ECD067800DA9E37 /* Release */,
			);
			defaultConfigurationIsVisible = 0;
		};
		12C6FF9E1ECD067800DA9E37 /* Build configuration list for PBXNativeTarget "DecisionMakerTests" */ = {
			isa = XCConfigurationList;
			buildConfigurations = (
				12C6FF9F1ECD067800DA9E37 /* Debug */,
				12C6FFA01ECD067800DA9E37 /* Release */,
			);
			defaultConfigurationIsVisible = 0;
		};
		12C6FFA11ECD067800DA9E37 /* Build configuration list for PBXNativeTarget "DecisionMakerUITests" */ = {
			isa = XCConfigurationList;
			buildConfigurations = (
				12C6FFA21ECD067800DA9E37 /* Debug */,
				12C6FFA31ECD067800DA9E37 /* Release */,
			);
			defaultConfigurationIsVisible = 0;
		};
/* End XCConfigurationList section */
	};
	rootObject = 12C6FF6B1ECD067800DA9E37 /* Project object */;
}
